
Microsoft Visual Studio Solution File, Format Version 12.00
# Visual Studio Version 16
VisualStudioVersion = 16.0.32802.440
MinimumVisualStudioVersion = 10.0.40219.1
Project("{FAE04EC0-301F-11D3-BF4B-00C04F79EFBC}") = "Cadastro_AuE_Solucoes", "Cadastro_AuE_Solucoes.csproj", "{2AF45D71-A400-4273-84F0-1C26E706FE83}"
EndProject
Global
	GlobalSection(SolutionConfigurationPlatforms) = preSolution
		Debug|Any CPU = Debug|Any CPU
		Release|Any CPU = Release|Any CPU
	EndGlobalSection
	GlobalSection(ProjectConfigurationPlatforms) = postSolution
		{2AF45D71-A400-4273-84F0-1C26E706FE83}.Debug|Any CPU.ActiveCfg = Debug|Any CPU
		{2AF45D71-A400-4273-84F0-1C26E706FE83}.Debug|Any CPU.Build.0 = Debug|Any CPU
		{2AF45D71-A400-4273-84F0-1C26E706FE83}.Release|Any CPU.ActiveCfg = Release|Any CPU
		{2AF45D71-A400-4273-84F0-1C26E706FE83}.Release|Any CPU.Build.0 = Release|Any CPU
	EndGlobalSection
	GlobalSection(SolutionProperties) = preSolution
		HideSolutionNode = FALSE
	EndGlobalSection
	GlobalSection(ExtensibilityGlobals) = postSolution
		SolutionGuid = {1E654241-445D-486E-9880-B683AD78B0E3}
	EndGlobalSection
EndGlobal
